
Microsoft Visual Studio Solution File, Format Version 12.00
# Visual Studio Version 17
VisualStudioVersion = 17.10.34916.146
MinimumVisualStudioVersion = 10.0.40219.1
Project("{2150E333-8FDC-42A3-9474-1A3956D46DE8}") = "Services", "Services", "{7915AA37-4E24-4CFB-B929-A1918621F681}"
EndProject
Project("{E53339B2-1760-4266-BCC7-CA923CBCF16C}") = "docker-compose", "docker-compose.dcproj", "{1B101D7B-48AC-4F19-9933-3CFF68F38175}"
EndProject
Project("{2150E333-8FDC-42A3-9474-1A3956D46DE8}") = "Common", "Common", "{E8037851-7962-4AAE-AD39-4387B687175A}"
EndProject
Project("{2150E333-8FDC-42A3-9474-1A3956D46DE8}") = "ApiGateways", "ApiGateways", "{41618280-0C21-49C3-9893-071375844F8D}"
EndProject
Project("{2150E333-8FDC-42A3-9474-1A3956D46DE8}") = "Identity", "Identity", "{A94D2C5E-0848-4EA2-982C-711E7B4EC338}"
EndProject
Project("{9A19103F-16F7-4668-BE54-9A1E7A4F7556}") = "Identity.API", "src\Services\Identity\Identity.API\Identity.API.csproj", "{C542D557-B14C-46D9-A6DF-52E150DADA9C}"
EndProject
Project("{9A19103F-16F7-4668-BE54-9A1E7A4F7556}") = "IdentityAPIGrpcClient", "src\Services\Identity\Tests\IdentityAPIGrpcClient\IdentityAPIGrpcClient.csproj", "{A269DCAE-C872-4E3D-B67C-2A61AC573EEC}"
EndProject
Project("{2150E333-8FDC-42A3-9474-1A3956D46DE8}") = "Job", "Job", "{3F765799-A755-4FBE-8CAB-F742E972493B}"
EndProject
Project("{9A19103F-16F7-4668-BE54-9A1E7A4F7556}") = "Job.API", "src\Services\Job\Job.API\Job.API.csproj", "{9F1964C0-BECE-4C8F-914C-2D34430147BE}"
EndProject
Project("{2150E333-8FDC-42A3-9474-1A3956D46DE8}") = "Payment", "Payment", "{07F0EB9C-ADC7-45BB-95C7-D454C1C42CE1}"
EndProject
Project("{9A19103F-16F7-4668-BE54-9A1E7A4F7556}") = "Payment.API", "src\Services\Payment\Payment.API\Payment.API.csproj", "{237138D0-CCEC-424A-BC25-EAFB145E2475}"
EndProject
Project("{9A19103F-16F7-4668-BE54-9A1E7A4F7556}") = "Ocelot.ApiGateway", "src\Ocelot.ApiGateway\Ocelot.ApiGateway.csproj", "{CCBC9E54-0C2A-49D0-879D-765FFF9072DA}"
EndProject
Project("{9A19103F-16F7-4668-BE54-9A1E7A4F7556}") = "Jobs.Service.Common", "src\Common\Jobs.Service.Common\Jobs.Service.Common.csproj", "{A5F2028A-E98F-487E-B1F5-619D75CB8F8A}"
EndProject
Project("{9A19103F-16F7-4668-BE54-9A1E7A4F7556}") = "EventBus.RabbitMQ", "src\Common\EventBus.RabbitMQ\EventBus.RabbitMQ.csproj", "{C6BBCCB6-AD00-4598-BC92-60B9336D528A}"
EndProject
Project("{9A19103F-16F7-4668-BE54-9A1E7A4F7556}") = "Identity.UnitTests", "src\Services\Identity\Tests\Identity.UnitTests\Identity.UnitTests.csproj", "{AD50EBB6-42A7-49D4-9C25-6FEB711B4DAB}"
EndProject
Project("{2150E333-8FDC-42A3-9474-1A3956D46DE8}") = "Tests", "Tests", "{D8DB55CF-263D-4099-9B1C-787E3FADF31A}"
EndProject
Project("{9A19103F-16F7-4668-BE54-9A1E7A4F7556}") = "Job.UnitTests", "src\Services\Job\Tests\Job.UnitTests\Job.UnitTests.csproj", "{C9ED7015-51F7-42D5-AF70-084652A8534D}"
EndProject
Project("{2150E333-8FDC-42A3-9474-1A3956D46DE8}") = "Tests", "Tests", "{3F5C01E6-A058-47A7-805B-62CBA184C97F}"
EndProject
Project("{9A19103F-16F7-4668-BE54-9A1E7A4F7556}") = "Payment.UnitTests", "src\Services\Payment\Tests\Payment.UnitTests\Payment.UnitTests.csproj", "{9C4B4737-C43D-4B84-BE4F-1904A80D5B31}"
EndProject
Project("{2150E333-8FDC-42A3-9474-1A3956D46DE8}") = "Tests", "Tests", "{64A13FA2-C567-40D2-832F-0562517875B7}"
EndProject
Project("{9A19103F-16F7-4668-BE54-9A1E7A4F7556}") = "Identity.IntegrationTests", "src\Services\Identity\Tests\Identity.IntegrationTests\Identity.IntegrationTests.csproj", "{37753F38-14B0-49D8-A1A5-178518A25D0D}"
EndProject
Global
	GlobalSection(SolutionConfigurationPlatforms) = preSolution
		Debug|Any CPU = Debug|Any CPU
		Release|Any CPU = Release|Any CPU
	EndGlobalSection
	GlobalSection(ProjectConfigurationPlatforms) = postSolution
		{1B101D7B-48AC-4F19-9933-3CFF68F38175}.Debug|Any CPU.ActiveCfg = Debug|Any CPU
		{1B101D7B-48AC-4F19-9933-3CFF68F38175}.Debug|Any CPU.Build.0 = Debug|Any CPU
		{1B101D7B-48AC-4F19-9933-3CFF68F38175}.Release|Any CPU.ActiveCfg = Release|Any CPU
		{1B101D7B-48AC-4F19-9933-3CFF68F38175}.Release|Any CPU.Build.0 = Release|Any CPU
		{C542D557-B14C-46D9-A6DF-52E150DADA9C}.Debug|Any CPU.ActiveCfg = Debug|Any CPU
		{C542D557-B14C-46D9-A6DF-52E150DADA9C}.Debug|Any CPU.Build.0 = Debug|Any CPU
		{C542D557-B14C-46D9-A6DF-52E150DADA9C}.Release|Any CPU.ActiveCfg = Release|Any CPU
		{C542D557-B14C-46D9-A6DF-52E150DADA9C}.Release|Any CPU.Build.0 = Release|Any CPU
		{A269DCAE-C872-4E3D-B67C-2A61AC573EEC}.Debug|Any CPU.ActiveCfg = Debug|Any CPU
		{A269DCAE-C872-4E3D-B67C-2A61AC573EEC}.Debug|Any CPU.Build.0 = Debug|Any CPU
		{A269DCAE-C872-4E3D-B67C-2A61AC573EEC}.Release|Any CPU.ActiveCfg = Release|Any CPU
		{A269DCAE-C872-4E3D-B67C-2A61AC573EEC}.Release|Any CPU.Build.0 = Release|Any CPU
		{9F1964C0-BECE-4C8F-914C-2D34430147BE}.Debug|Any CPU.ActiveCfg = Debug|Any CPU
		{9F1964C0-BECE-4C8F-914C-2D34430147BE}.Debug|Any CPU.Build.0 = Debug|Any CPU
		{9F1964C0-BECE-4C8F-914C-2D34430147BE}.Release|Any CPU.ActiveCfg = Release|Any CPU
		{9F1964C0-BECE-4C8F-914C-2D34430147BE}.Release|Any CPU.Build.0 = Release|Any CPU
		{237138D0-CCEC-424A-BC25-EAFB145E2475}.Debug|Any CPU.ActiveCfg = Debug|Any CPU
		{237138D0-CCEC-424A-BC25-EAFB145E2475}.Debug|Any CPU.Build.0 = Debug|Any CPU
		{237138D0-CCEC-424A-BC25-EAFB145E2475}.Release|Any CPU.ActiveCfg = Release|Any CPU
		{237138D0-CCEC-424A-BC25-EAFB145E2475}.Release|Any CPU.Build.0 = Release|Any CPU
		{CCBC9E54-0C2A-49D0-879D-765FFF9072DA}.Debug|Any CPU.ActiveCfg = Debug|Any CPU
		{CCBC9E54-0C2A-49D0-879D-765FFF9072DA}.Debug|Any CPU.Build.0 = Debug|Any CPU
		{CCBC9E54-0C2A-49D0-879D-765FFF9072DA}.Release|Any CPU.ActiveCfg = Release|Any CPU
		{CCBC9E54-0C2A-49D0-879D-765FFF9072DA}.Release|Any CPU.Build.0 = Release|Any CPU
		{A5F2028A-E98F-487E-B1F5-619D75CB8F8A}.Debug|Any CPU.ActiveCfg = Debug|Any CPU
		{A5F2028A-E98F-487E-B1F5-619D75CB8F8A}.Debug|Any CPU.Build.0 = Debug|Any CPU
		{A5F2028A-E98F-487E-B1F5-619D75CB8F8A}.Release|Any CPU.ActiveCfg = Release|Any CPU
		{A5F2028A-E98F-487E-B1F5-619D75CB8F8A}.Release|Any CPU.Build.0 = Release|Any CPU
		{C6BBCCB6-AD00-4598-BC92-60B9336D528A}.Debug|Any CPU.ActiveCfg = Debug|Any CPU
		{C6BBCCB6-AD00-4598-BC92-60B9336D528A}.Debug|Any CPU.Build.0 = Debug|Any CPU
		{C6BBCCB6-AD00-4598-BC92-60B9336D528A}.Release|Any CPU.ActiveCfg = Release|Any CPU
		{C6BBCCB6-AD00-4598-BC92-60B9336D528A}.Release|Any CPU.Build.0 = Release|Any CPU
		{AD50EBB6-42A7-49D4-9C25-6FEB711B4DAB}.Debug|Any CPU.ActiveCfg = Debug|Any CPU
		{AD50EBB6-42A7-49D4-9C25-6FEB711B4DAB}.Debug|Any CPU.Build.0 = Debug|Any CPU
		{AD50EBB6-42A7-49D4-9C25-6FEB711B4DAB}.Release|Any CPU.ActiveCfg = Release|Any CPU
		{AD50EBB6-42A7-49D4-9C25-6FEB711B4DAB}.Release|Any CPU.Build.0 = Release|Any CPU
		{C9ED7015-51F7-42D5-AF70-084652A8534D}.Debug|Any CPU.ActiveCfg = Debug|Any CPU
		{C9ED7015-51F7-42D5-AF70-084652A8534D}.Debug|Any CPU.Build.0 = Debug|Any CPU
		{C9ED7015-51F7-42D5-AF70-084652A8534D}.Release|Any CPU.ActiveCfg = Release|Any CPU
		{C9ED7015-51F7-42D5-AF70-084652A8534D}.Release|Any CPU.Build.0 = Release|Any CPU
		{9C4B4737-C43D-4B84-BE4F-1904A80D5B31}.Debug|Any CPU.ActiveCfg = Debug|Any CPU
		{9C4B4737-C43D-4B84-BE4F-1904A80D5B31}.Debug|Any CPU.Build.0 = Debug|Any CPU
		{9C4B4737-C43D-4B84-BE4F-1904A80D5B31}.Release|Any CPU.ActiveCfg = Release|Any CPU
		{9C4B4737-C43D-4B84-BE4F-1904A80D5B31}.Release|Any CPU.Build.0 = Release|Any CPU
		{37753F38-14B0-49D8-A1A5-178518A25D0D}.Debug|Any CPU.ActiveCfg = Debug|Any CPU
		{37753F38-14B0-49D8-A1A5-178518A25D0D}.Debug|Any CPU.Build.0 = Debug|Any CPU
		{37753F38-14B0-49D8-A1A5-178518A25D0D}.Release|Any CPU.ActiveCfg = Release|Any CPU
		{37753F38-14B0-49D8-A1A5-178518A25D0D}.Release|Any CPU.Build.0 = Release|Any CPU
	EndGlobalSection
	GlobalSection(SolutionProperties) = preSolution
		HideSolutionNode = FALSE
	EndGlobalSection
	GlobalSection(NestedProjects) = preSolution
		{A94D2C5E-0848-4EA2-982C-711E7B4EC338} = {7915AA37-4E24-4CFB-B929-A1918621F681}
		{C542D557-B14C-46D9-A6DF-52E150DADA9C} = {A94D2C5E-0848-4EA2-982C-711E7B4EC338}
		{A269DCAE-C872-4E3D-B67C-2A61AC573EEC} = {64A13FA2-C567-40D2-832F-0562517875B7}
		{3F765799-A755-4FBE-8CAB-F742E972493B} = {7915AA37-4E24-4CFB-B929-A1918621F681}
		{9F1964C0-BECE-4C8F-914C-2D34430147BE} = {3F765799-A755-4FBE-8CAB-F742E972493B}
		{07F0EB9C-ADC7-45BB-95C7-D454C1C42CE1} = {7915AA37-4E24-4CFB-B929-A1918621F681}
		{237138D0-CCEC-424A-BC25-EAFB145E2475} = {07F0EB9C-ADC7-45BB-95C7-D454C1C42CE1}
		{CCBC9E54-0C2A-49D0-879D-765FFF9072DA} = {41618280-0C21-49C3-9893-071375844F8D}
		{A5F2028A-E98F-487E-B1F5-619D75CB8F8A} = {E8037851-7962-4AAE-AD39-4387B687175A}
		{C6BBCCB6-AD00-4598-BC92-60B9336D528A} = {E8037851-7962-4AAE-AD39-4387B687175A}
		{AD50EBB6-42A7-49D4-9C25-6FEB711B4DAB} = {64A13FA2-C567-40D2-832F-0562517875B7}
		{D8DB55CF-263D-4099-9B1C-787E3FADF31A} = {3F765799-A755-4FBE-8CAB-F742E972493B}
		{C9ED7015-51F7-42D5-AF70-084652A8534D} = {D8DB55CF-263D-4099-9B1C-787E3FADF31A}
		{3F5C01E6-A058-47A7-805B-62CBA184C97F} = {07F0EB9C-ADC7-45BB-95C7-D454C1C42CE1}
		{9C4B4737-C43D-4B84-BE4F-1904A80D5B31} = {3F5C01E6-A058-47A7-805B-62CBA184C97F}
		{64A13FA2-C567-40D2-832F-0562517875B7} = {A94D2C5E-0848-4EA2-982C-711E7B4EC338}
		{37753F38-14B0-49D8-A1A5-178518A25D0D} = {64A13FA2-C567-40D2-832F-0562517875B7}
	EndGlobalSection
	GlobalSection(ExtensibilityGlobals) = postSolution
		SolutionGuid = {97750CB7-F573-4255-B22E-D39F65872393}
	EndGlobalSection
EndGlobal
