
Microsoft Visual Studio Solution File, Format Version 12.00
# Visual Studio Version 16
VisualStudioVersion = 16.0.30804.86
MinimumVisualStudioVersion = 10.0.40219.1
Project("{9A19103F-16F7-4668-BE54-9A1E7A4F7556}") = "JobService", "src\Services\JobService\JobService.csproj", "{56579EFB-3DD2-4449-BE95-CF6F3A4203F3}"
EndProject
Project("{2150E333-8FDC-42A3-9474-1A3956D46DE8}") = "Services", "Services", "{7915AA37-4E24-4CFB-B929-A1918621F681}"
EndProject
Project("{9A19103F-16F7-4668-BE54-9A1E7A4F7556}") = "IdentityService", "src\Services\IdentityService\IdentityService.csproj", "{0686EFE5-3821-421D-8C8E-9761F6FEBBD3}"
EndProject
Project("{9A19103F-16F7-4668-BE54-9A1E7A4F7556}") = "PaymentService", "src\Services\PaymentService\PaymentService.csproj", "{626FBA16-C7CD-4417-8C34-4E5DBCF17C4F}"
EndProject
Project("{E53339B2-1760-4266-BCC7-CA923CBCF16C}") = "docker-compose", "docker-compose.dcproj", "{1B101D7B-48AC-4F19-9933-3CFF68F38175}"
EndProject
Project("{2150E333-8FDC-42A3-9474-1A3956D46DE8}") = "Common", "Common", "{E8037851-7962-4AAE-AD39-4387B687175A}"
EndProject
Project("{D954291E-2A0B-460D-934E-DC6B0785DB48}") = "Jobs.SharedModel", "src\Common\Jobs.SharedModel\Jobs.SharedModel.shproj", "{B958ED8E-BA65-47B9-9162-5AC02B219679}"
EndProject
Project("{D954291E-2A0B-460D-934E-DC6B0785DB48}") = "Service.SharedModel", "src\Common\Service.SharedModel\Service.SharedModel.shproj", "{DE44A723-43EC-4540-BD59-597EC8208607}"
EndProject
Project("{2150E333-8FDC-42A3-9474-1A3956D46DE8}") = "ApiGateways", "ApiGateways", "{41618280-0C21-49C3-9893-071375844F8D}"
EndProject
Project("{9A19103F-16F7-4668-BE54-9A1E7A4F7556}") = "OcelotApiGateway", "src\OcelotApiGateway\OcelotApiGateway.csproj", "{D76E7D82-7216-4DF3-A1D2-17F16F4FB0D2}"
EndProject
Project("{9A19103F-16F7-4668-BE54-9A1E7A4F7556}") = "TestGrpcService", "src\Services\TestGrpcService\TestGrpcService.csproj", "{BD61E49C-CBA0-43D7-9DEB-0DBE48B1BBC5}"
EndProject
Project("{FAE04EC0-301F-11D3-BF4B-00C04F79EFBC}") = "TestGrpcClient", "src\Services\TestGrpcClient\TestGrpcClient.csproj", "{60D3D444-A5B3-4786-8B97-FBA9FE2E9379}"
EndProject
Global
	GlobalSection(SharedMSBuildProjectFiles) = preSolution
		src\Common\Jobs.SharedModel\Jobs.SharedModel.projitems*{0686efe5-3821-421d-8c8e-9761f6febbd3}*SharedItemsImports = 5
		src\Common\Service.SharedModel\Service.SharedModel.projitems*{0686efe5-3821-421d-8c8e-9761f6febbd3}*SharedItemsImports = 5
		src\Common\Jobs.SharedModel\Jobs.SharedModel.projitems*{56579efb-3dd2-4449-be95-cf6f3a4203f3}*SharedItemsImports = 5
		src\Common\Service.SharedModel\Service.SharedModel.projitems*{56579efb-3dd2-4449-be95-cf6f3a4203f3}*SharedItemsImports = 5
		src\Common\Jobs.SharedModel\Jobs.SharedModel.projitems*{626fba16-c7cd-4417-8c34-4e5dbcf17c4f}*SharedItemsImports = 5
		src\Common\Service.SharedModel\Service.SharedModel.projitems*{626fba16-c7cd-4417-8c34-4e5dbcf17c4f}*SharedItemsImports = 5
		src\Common\Jobs.SharedModel\Jobs.SharedModel.projitems*{b958ed8e-ba65-47b9-9162-5ac02b219679}*SharedItemsImports = 13
		src\Common\Service.SharedModel\Service.SharedModel.projitems*{de44a723-43ec-4540-bd59-597ec8208607}*SharedItemsImports = 13
	EndGlobalSection
	GlobalSection(SolutionConfigurationPlatforms) = preSolution
		Debug|Any CPU = Debug|Any CPU
		Release|Any CPU = Release|Any CPU
	EndGlobalSection
	GlobalSection(ProjectConfigurationPlatforms) = postSolution
		{56579EFB-3DD2-4449-BE95-CF6F3A4203F3}.Debug|Any CPU.ActiveCfg = Debug|Any CPU
		{56579EFB-3DD2-4449-BE95-CF6F3A4203F3}.Debug|Any CPU.Build.0 = Debug|Any CPU
		{56579EFB-3DD2-4449-BE95-CF6F3A4203F3}.Release|Any CPU.ActiveCfg = Release|Any CPU
		{56579EFB-3DD2-4449-BE95-CF6F3A4203F3}.Release|Any CPU.Build.0 = Release|Any CPU
		{0686EFE5-3821-421D-8C8E-9761F6FEBBD3}.Debug|Any CPU.ActiveCfg = Debug|Any CPU
		{0686EFE5-3821-421D-8C8E-9761F6FEBBD3}.Debug|Any CPU.Build.0 = Debug|Any CPU
		{0686EFE5-3821-421D-8C8E-9761F6FEBBD3}.Release|Any CPU.ActiveCfg = Release|Any CPU
		{0686EFE5-3821-421D-8C8E-9761F6FEBBD3}.Release|Any CPU.Build.0 = Release|Any CPU
		{626FBA16-C7CD-4417-8C34-4E5DBCF17C4F}.Debug|Any CPU.ActiveCfg = Debug|Any CPU
		{626FBA16-C7CD-4417-8C34-4E5DBCF17C4F}.Debug|Any CPU.Build.0 = Debug|Any CPU
		{626FBA16-C7CD-4417-8C34-4E5DBCF17C4F}.Release|Any CPU.ActiveCfg = Release|Any CPU
		{626FBA16-C7CD-4417-8C34-4E5DBCF17C4F}.Release|Any CPU.Build.0 = Release|Any CPU
		{1B101D7B-48AC-4F19-9933-3CFF68F38175}.Debug|Any CPU.ActiveCfg = Debug|Any CPU
		{1B101D7B-48AC-4F19-9933-3CFF68F38175}.Debug|Any CPU.Build.0 = Debug|Any CPU
		{1B101D7B-48AC-4F19-9933-3CFF68F38175}.Release|Any CPU.ActiveCfg = Release|Any CPU
		{1B101D7B-48AC-4F19-9933-3CFF68F38175}.Release|Any CPU.Build.0 = Release|Any CPU
		{D76E7D82-7216-4DF3-A1D2-17F16F4FB0D2}.Debug|Any CPU.ActiveCfg = Debug|Any CPU
		{D76E7D82-7216-4DF3-A1D2-17F16F4FB0D2}.Debug|Any CPU.Build.0 = Debug|Any CPU
		{D76E7D82-7216-4DF3-A1D2-17F16F4FB0D2}.Release|Any CPU.ActiveCfg = Release|Any CPU
		{D76E7D82-7216-4DF3-A1D2-17F16F4FB0D2}.Release|Any CPU.Build.0 = Release|Any CPU
		{BD61E49C-CBA0-43D7-9DEB-0DBE48B1BBC5}.Debug|Any CPU.ActiveCfg = Debug|Any CPU
		{BD61E49C-CBA0-43D7-9DEB-0DBE48B1BBC5}.Debug|Any CPU.Build.0 = Debug|Any CPU
		{BD61E49C-CBA0-43D7-9DEB-0DBE48B1BBC5}.Release|Any CPU.ActiveCfg = Release|Any CPU
		{BD61E49C-CBA0-43D7-9DEB-0DBE48B1BBC5}.Release|Any CPU.Build.0 = Release|Any CPU
		{60D3D444-A5B3-4786-8B97-FBA9FE2E9379}.Debug|Any CPU.ActiveCfg = Debug|Any CPU
		{60D3D444-A5B3-4786-8B97-FBA9FE2E9379}.Debug|Any CPU.Build.0 = Debug|Any CPU
		{60D3D444-A5B3-4786-8B97-FBA9FE2E9379}.Release|Any CPU.ActiveCfg = Release|Any CPU
		{60D3D444-A5B3-4786-8B97-FBA9FE2E9379}.Release|Any CPU.Build.0 = Release|Any CPU
	EndGlobalSection
	GlobalSection(SolutionProperties) = preSolution
		HideSolutionNode = FALSE
	EndGlobalSection
	GlobalSection(NestedProjects) = preSolution
		{56579EFB-3DD2-4449-BE95-CF6F3A4203F3} = {7915AA37-4E24-4CFB-B929-A1918621F681}
		{0686EFE5-3821-421D-8C8E-9761F6FEBBD3} = {7915AA37-4E24-4CFB-B929-A1918621F681}
		{626FBA16-C7CD-4417-8C34-4E5DBCF17C4F} = {7915AA37-4E24-4CFB-B929-A1918621F681}
		{B958ED8E-BA65-47B9-9162-5AC02B219679} = {E8037851-7962-4AAE-AD39-4387B687175A}
		{DE44A723-43EC-4540-BD59-597EC8208607} = {E8037851-7962-4AAE-AD39-4387B687175A}
		{D76E7D82-7216-4DF3-A1D2-17F16F4FB0D2} = {41618280-0C21-49C3-9893-071375844F8D}
		{BD61E49C-CBA0-43D7-9DEB-0DBE48B1BBC5} = {7915AA37-4E24-4CFB-B929-A1918621F681}
		{60D3D444-A5B3-4786-8B97-FBA9FE2E9379} = {7915AA37-4E24-4CFB-B929-A1918621F681}
	EndGlobalSection
	GlobalSection(ExtensibilityGlobals) = postSolution
		SolutionGuid = {97750CB7-F573-4255-B22E-D39F65872393}
	EndGlobalSection
EndGlobal
